
Microsoft Visual Studio Solution File, Format Version 12.00
# Visual Studio Version 16
VisualStudioVersion = 16.0.30330.147
MinimumVisualStudioVersion = 10.0.40219.1
Project("{FAE04EC0-301F-11D3-BF4B-00C04F79EFBC}") = "ByteBank.SistemaAgencia", "ByteBank.SistemaAgencia\ByteBank.SistemaAgencia.csproj", "{651C7DC5-B44B-4767-B507-9C8C293B2DDF}"
EndProject
Project("{FAE04EC0-301F-11D3-BF4B-00C04F79EFBC}") = "ByteBank.Modelos", "ByteBank.Modelos\ByteBank.Modelos.csproj", "{2A32853F-95C4-4C59-A581-9574BEA5FC3D}"
EndProject
Global
	GlobalSection(SolutionConfigurationPlatforms) = preSolution
		Debug|Any CPU = Debug|Any CPU
		Release|Any CPU = Release|Any CPU
	EndGlobalSection
	GlobalSection(ProjectConfigurationPlatforms) = postSolution
		{651C7DC5-B44B-4767-B507-9C8C293B2DDF}.Debug|Any CPU.ActiveCfg = Debug|Any CPU
		{651C7DC5-B44B-4767-B507-9C8C293B2DDF}.Debug|Any CPU.Build.0 = Debug|Any CPU
		{651C7DC5-B44B-4767-B507-9C8C293B2DDF}.Release|Any CPU.ActiveCfg = Release|Any CPU
		{651C7DC5-B44B-4767-B507-9C8C293B2DDF}.Release|Any CPU.Build.0 = Release|Any CPU
		{2A32853F-95C4-4C59-A581-9574BEA5FC3D}.Debug|Any CPU.ActiveCfg = Debug|Any CPU
		{2A32853F-95C4-4C59-A581-9574BEA5FC3D}.Debug|Any CPU.Build.0 = Debug|Any CPU
		{2A32853F-95C4-4C59-A581-9574BEA5FC3D}.Release|Any CPU.ActiveCfg = Release|Any CPU
		{2A32853F-95C4-4C59-A581-9574BEA5FC3D}.Release|Any CPU.Build.0 = Release|Any CPU
	EndGlobalSection
	GlobalSection(SolutionProperties) = preSolution
		HideSolutionNode = FALSE
	EndGlobalSection
	GlobalSection(ExtensibilityGlobals) = postSolution
		SolutionGuid = {23D75C28-BB3A-4009-8CF7-9EAA6809813E}
	EndGlobalSection
EndGlobal
